# DO NOT EDIT MANUALLY - Managed by Fern Replay
version: "1.0"
generations:
  - commit_sha: 264bc59a4e51fd2ebb8cab13fe5fa982e0e8e06b
    tree_hash: d7a1dedd33d45bd8016ce814bc4b251c79a50e3f
    timestamp: 2026-07-17T10:09:04.160Z
    cli_version: unknown
    generator_versions: {}
  - commit_sha: dc480fbd83a607e90672e23858fd2afb09a74870
    tree_hash: a746155474dd62c69d6d0e8c0214c0824651e5c5
    timestamp: 2026-07-17T10:09:04.490Z
    cli_version: unknown
    generator_versions:
      fernapi/fern-go-sdk: 1.16.5
  - commit_sha: 0939377e22636b2d6967b4f31ad4c26f2272f110
    tree_hash: 73fe5135dbaa0d4ad82616e23b32a8878085a44f
    timestamp: 2026-07-21T06:52:15.456Z
    cli_version: unknown
    generator_versions:
      fernapi/fern-go-sdk: 1.16.5
  - commit_sha: 78920dcc31912a475889ba19104f2f1ba111d33b
    tree_hash: ddcdc4be3bd75bfc4211d1ff0d223d9695ea0b69
    timestamp: 2026-07-22T07:53:22.251Z
    cli_version: unknown
    generator_versions:
      fernapi/fern-go-sdk: 1.16.5
current_generation: 78920dcc31912a475889ba19104f2f1ba111d33b
patches: []
