# DO NOT EDIT MANUALLY - Managed by Fern Replay
version: "1.0"
generations:
  - commit_sha: c4aa7f3f4149df2c33a5da7310c5b191f3322a5a
    tree_hash: 55b2ebb3ea2f35edb9c66f188c6834e700ae2ada
    timestamp: 2026-05-20T20:38:05.300Z
    cli_version: unknown
    generator_versions: {}
current_generation: c4aa7f3f4149df2c33a5da7310c5b191f3322a5a
patches: []
