# DO NOT EDIT MANUALLY - Managed by Fern Replay
version: "1.0"
generations:
  - commit_sha: b75d1c80e49f657c66fc2c9c9b23aeb917ecf10a
    tree_hash: 9199be20ac61678409851b6568d964e62e0bd542
    timestamp: 2026-06-24T07:53:42.899Z
    cli_version: unknown
    generator_versions: {}
current_generation: b75d1c80e49f657c66fc2c9c9b23aeb917ecf10a
patches: []
